
Microsoft Visual Studio Solution File, Format Version 12.00
# Visual Studio Version 17
VisualStudioVersion = 17.1.32414.318
MinimumVisualStudioVersion = 10.0.40219.1
Project("{9A19103F-16F7-4668-BE54-9A1E7A4F7556}") = "Selection_Statements_Exercise", "Selection_Statements_Exercise.csproj", "{A1B518A9-76EB-4A2A-A972-665C900D9914}"
EndProject
Project("{2150E333-8FDC-42A3-9474-1A3956D46DE8}") = "Solution Items", "Solution Items", "{68A985BA-BF01-49CD-AEF4-293A08979F28}"
	ProjectSection(SolutionItems) = preProject
		Class1.cs = Class1.cs
	EndProjectSection
EndProject
Global
	GlobalSection(SolutionConfigurationPlatforms) = preSolution
		Debug|Any CPU = Debug|Any CPU
		Release|Any CPU = Release|Any CPU
	EndGlobalSection
	GlobalSection(ProjectConfigurationPlatforms) = postSolution
		{A1B518A9-76EB-4A2A-A972-665C900D9914}.Debug|Any CPU.ActiveCfg = Debug|Any CPU
		{A1B518A9-76EB-4A2A-A972-665C900D9914}.Debug|Any CPU.Build.0 = Debug|Any CPU
		{A1B518A9-76EB-4A2A-A972-665C900D9914}.Release|Any CPU.ActiveCfg = Release|Any CPU
		{A1B518A9-76EB-4A2A-A972-665C900D9914}.Release|Any CPU.Build.0 = Release|Any CPU
	EndGlobalSection
	GlobalSection(SolutionProperties) = preSolution
		HideSolutionNode = FALSE
	EndGlobalSection
	GlobalSection(ExtensibilityGlobals) = postSolution
		SolutionGuid = {D28A0787-1D60-4DE5-9A50-A2570E96173F}
	EndGlobalSection
EndGlobal
